<?xml version="1.0" encoding="utf-8"?>
<Project ToolsVersion="4.0" xmlns="http://schemas.microsoft.com/developer/msbuild/2003">
  <ItemGroup>
    <ClCompile Include="Senku2D\Rigid Body\Collision Processing\Collision Detection\Broad Phase.cpp" />
    <ClCompile Include="Senku2D\Rigid Body\Collision Processing\Collision Detection\Narrow Phase.cpp" />
    <ClCompile Include="Senku2D\Rigid Body\Collision Processing\Collision Detection\Shape Solver.cpp" />
    <ClCompile Include="Senku2D\Rigid Body\Collision Processing\Collision Resolution\Collision Resolver.cpp" />
    <ClCompile Include="Senku2D\Rigid Body\Collision Processing\Collision Detector.cpp" />
    <ClCompile Include="Senku2D\Rigid Body\Collision Processing\Contact List.cpp" />
    <ClCompile Include="Senku2D\Rigid Body\Collision Processing\Potential Contact List.cpp" />
    <ClCompile Include="Senku2D\Rigid Body\Shapes\Box Shape.cpp" />
    <ClCompile Include="Senku2D\Rigid Body\Shapes\Circle Shape.cpp" />
    <ClCompile Include="Senku2D\Rigid Body\Shapes\Shape.cpp" />
    <ClCompile Include="Senku2D\Rigid Body\AABB.cpp" />
    <ClCompile Include="Senku2D\Rigid Body\Rigid Body.cpp" />
    <ClCompile Include="Senku2D\Core\Matrix2.cpp" />
    <ClCompile Include="Senku2D\Core\Particle.cpp" />
    <ClCompile Include="Senku2D\Core\Vector2.cpp" />
    <ClCompile Include="Senku2D\World\Rigid Body List.cpp" />
    <ClCompile Include="Senku2D\World\World.cpp" />
    <ClCompile Include="Senku2D\World\Rigid Body Contact Pair List.cpp" />
    <ClCompile Include="Senku2D\Rigid Body\MOI Calculation.cpp" />
    <ClCompile Include="Senku2D\Rigid Body\Collision Processing\Hashed Grid\Cell Data.cpp" />
    <ClCompile Include="Senku2D\Rigid Body\Collision Processing\Hashed Grid\Cell Handler.cpp" />
    <ClCompile Include="Senku2D\Rigid Body\Collision Processing\Hashed Grid\Grid.cpp" />
    <ClCompile Include="Senku2D\World\Event Interface.cpp" />
  </ItemGroup>
  <ItemGroup>
    <ClInclude Include="Senku2D\Rigid Body\Collision Processing\Collision Detection\Broad Phase.h" />
    <ClInclude Include="Senku2D\Rigid Body\Collision Processing\Collision Detection\Narrow Phase.h" />
    <ClInclude Include="Senku2D\Rigid Body\Collision Processing\Collision Detection\Shape Solver.h" />
    <ClInclude Include="Senku2D\Rigid Body\Collision Processing\Collision Resolution\Collision Resolver.h" />
    <ClInclude Include="Senku2D\Rigid Body\Collision Processing\Collision Data.h" />
    <ClInclude Include="Senku2D\Rigid Body\Collision Processing\Collision Detector.h" />
    <ClInclude Include="Senku2D\Rigid Body\Collision Processing\Contact List.h" />
    <ClInclude Include="Senku2D\Rigid Body\Collision Processing\Contact.h" />
    <ClInclude Include="Senku2D\Rigid Body\Collision Processing\Potential Contact List.h" />
    <ClInclude Include="Senku2D\Rigid Body\Collision Processing\Potential Contact.h" />
    <ClInclude Include="Senku2D\Rigid Body\Shapes\Box Shape.h" />
    <ClInclude Include="Senku2D\Rigid Body\Shapes\Circle Shape.h" />
    <ClInclude Include="Senku2D\Rigid Body\Shapes\Shape.h" />
    <ClInclude Include="Senku2D\Rigid Body\AABB.h" />
    <ClInclude Include="Senku2D\Rigid Body\Rigid Body.h" />
    <ClInclude Include="Senku2D\Core\Matrix2.h" />
    <ClInclude Include="Senku2D\Core\Particle.h" />
    <ClInclude Include="Senku2D\Core\Precision.h" />
    <ClInclude Include="Senku2D\Core\Vector2.h" />
    <ClInclude Include="Senku2D\World\Rigid Body List.h" />
    <ClInclude Include="Senku2D\World\World.h" />
    <ClInclude Include="Senku2D\pch.h" />
    <ClInclude Include="Senku2D\World\Rigid Body Contact Pair List.h" />
    <ClInclude Include="Senku2D\Rigid Body\MOI Calculation.h" />
    <ClInclude Include="Senku2D\Rigid Body\Collision Processing\Hashed Grid\Cell Data.h" />
    <ClInclude Include="Senku2D\Rigid Body\Collision Processing\Hashed Grid\Cell Handler.h" />
    <ClInclude Include="Senku2D\Rigid Body\Collision Processing\Hashed Grid\Grid.h" />
    <ClInclude Include="Senku2D\World\Event Interface.h" />
    <ClInclude Include="Senku2D\Rigid Body\Collision Processing\Collision Filters.h" />
  </ItemGroup>
</Project>