<?xml version="1.0" encoding="utf-8"?>
<Project ToolsVersion="4.0" xmlns="http://schemas.microsoft.com/developer/msbuild/2003">
  <ItemGroup>
    <ClCompile Include="Core\Vector2.cpp" />
    <ClCompile Include="Core\Particle.cpp" />
    <ClCompile Include="Core\Matrix2.cpp" />
    <ClCompile Include="Core\Matrix3.cpp" />
    <ClCompile Include="Rigid Body\Rigid Body.cpp" />
    <ClCompile Include="Rigid Body\AABB.cpp" />
    <ClCompile Include="Rigid Body\Collision Processing\Quadtree.cpp" />
    <ClCompile Include="Rigid Body\Shapes\Shape.cpp" />
    <ClCompile Include="Rigid Body\Shapes\Circle Shape.cpp" />
    <ClCompile Include="Rigid Body\Shapes\Box Shape.cpp" />
  </ItemGroup>
  <ItemGroup>
    <ClInclude Include="pch.h" />
    <ClInclude Include="Core\Precision.h" />
    <ClInclude Include="Core\Vector2.h" />
    <ClInclude Include="Core\Particle.h" />
    <ClInclude Include="Core\Matrix2.h" />
    <ClInclude Include="Core\Matrix3.h" />
    <ClInclude Include="Rigid Body\Rigid Body.h" />
    <ClInclude Include="Rigid Body\AABB.h" />
    <ClInclude Include="Rigid Body\Collision Processing\Quadtree.h" />
    <ClInclude Include="Rigid Body\Collision Processing\Potential Contact.h" />
    <ClInclude Include="Rigid Body\Shapes\Shape.h" />
    <ClInclude Include="Rigid Body\Shapes\Circle Shape.h" />
    <ClInclude Include="Rigid Body\Shapes\Box Shape.h" />
    <ClInclude Include="Rigid Body\Collision Processing\Contact.h" />
    <ClInclude Include="Rigid Body\Collision Processing\Collision Data.h" />
  </ItemGroup>
</Project>